# Auto-generated by dotagents. Do not edit.
version = 1

[skills.dotagents]
source = "getsentry/dotagents"
resolved_url = "https://github.com/getsentry/dotagents"
resolved_path = "skills/dotagents"
resolved_commit = "2463b72fb880991cde3f20daa6cfe46344f2955b"

[skills.sentry-android-sdk]
source = "getsentry/sentry-for-ai"
resolved_url = "https://github.com/getsentry/sentry-for-ai"
resolved_path = "skills/sentry-android-sdk"
resolved_commit = "849303a8411c242d250885ffe714235a3bc2f5fe"

[skills.sentry-browser-sdk]
source = "getsentry/sentry-for-ai"
resolved_url = "https://github.com/getsentry/sentry-for-ai"
resolved_path = "skills/sentry-browser-sdk"
resolved_commit = "849303a8411c242d250885ffe714235a3bc2f5fe"

[skills.sentry-cloudflare-sdk]
source = "getsentry/sentry-for-ai"
resolved_url = "https://github.com/getsentry/sentry-for-ai"
resolved_path = "skills/sentry-cloudflare-sdk"
resolved_commit = "849303a8411c242d250885ffe714235a3bc2f5fe"

[skills.sentry-cocoa-sdk]
source = "getsentry/sentry-for-ai"
resolved_url = "https://github.com/getsentry/sentry-for-ai"
resolved_path = "skills/sentry-cocoa-sdk"
resolved_commit = "849303a8411c242d250885ffe714235a3bc2f5fe"

[skills.sentry-code-review]
source = "getsentry/sentry-for-ai"
resolved_url = "https://github.com/getsentry/sentry-for-ai"
resolved_path = "skills/sentry-code-review"
resolved_commit = "849303a8411c242d250885ffe714235a3bc2f5fe"

[skills.sentry-create-alert]
source = "getsentry/sentry-for-ai"
resolved_url = "https://github.com/getsentry/sentry-for-ai"
resolved_path = "skills/sentry-create-alert"
resolved_commit = "849303a8411c242d250885ffe714235a3bc2f5fe"

[skills.sentry-dotnet-sdk]
source = "getsentry/sentry-for-ai"
resolved_url = "https://github.com/getsentry/sentry-for-ai"
resolved_path = "skills/sentry-dotnet-sdk"
resolved_commit = "849303a8411c242d250885ffe714235a3bc2f5fe"

[skills.sentry-elixir-sdk]
source = "getsentry/sentry-for-ai"
resolved_url = "https://github.com/getsentry/sentry-for-ai"
resolved_path = "skills/sentry-elixir-sdk"
resolved_commit = "849303a8411c242d250885ffe714235a3bc2f5fe"

[skills.sentry-feature-setup]
source = "getsentry/sentry-for-ai"
resolved_url = "https://github.com/getsentry/sentry-for-ai"
resolved_path = "skills/sentry-feature-setup"
resolved_commit = "849303a8411c242d250885ffe714235a3bc2f5fe"

[skills.sentry-fix-issues]
source = "getsentry/sentry-for-ai"
resolved_url = "https://github.com/getsentry/sentry-for-ai"
resolved_path = "skills/sentry-fix-issues"
resolved_commit = "849303a8411c242d250885ffe714235a3bc2f5fe"

[skills.sentry-flutter-sdk]
source = "getsentry/sentry-for-ai"
resolved_url = "https://github.com/getsentry/sentry-for-ai"
resolved_path = "skills/sentry-flutter-sdk"
resolved_commit = "849303a8411c242d250885ffe714235a3bc2f5fe"

[skills.sentry-go-sdk]
source = "getsentry/sentry-for-ai"
resolved_url = "https://github.com/getsentry/sentry-for-ai"
resolved_path = "skills/sentry-go-sdk"
resolved_commit = "849303a8411c242d250885ffe714235a3bc2f5fe"

[skills.sentry-nestjs-sdk]
source = "getsentry/sentry-for-ai"
resolved_url = "https://github.com/getsentry/sentry-for-ai"
resolved_path = "skills/sentry-nestjs-sdk"
resolved_commit = "849303a8411c242d250885ffe714235a3bc2f5fe"

[skills.sentry-nextjs-sdk]
source = "getsentry/sentry-for-ai"
resolved_url = "https://github.com/getsentry/sentry-for-ai"
resolved_path = "skills/sentry-nextjs-sdk"
resolved_commit = "849303a8411c242d250885ffe714235a3bc2f5fe"

[skills.sentry-node-sdk]
source = "getsentry/sentry-for-ai"
resolved_url = "https://github.com/getsentry/sentry-for-ai"
resolved_path = "skills/sentry-node-sdk"
resolved_commit = "849303a8411c242d250885ffe714235a3bc2f5fe"

[skills.sentry-otel-exporter-setup]
source = "getsentry/sentry-for-ai"
resolved_url = "https://github.com/getsentry/sentry-for-ai"
resolved_path = "skills/sentry-otel-exporter-setup"
resolved_commit = "849303a8411c242d250885ffe714235a3bc2f5fe"

[skills.sentry-php-sdk]
source = "getsentry/sentry-for-ai"
resolved_url = "https://github.com/getsentry/sentry-for-ai"
resolved_path = "skills/sentry-php-sdk"
resolved_commit = "849303a8411c242d250885ffe714235a3bc2f5fe"

[skills.sentry-pr-code-review]
source = "getsentry/sentry-for-ai"
resolved_url = "https://github.com/getsentry/sentry-for-ai"
resolved_path = "skills/sentry-pr-code-review"
resolved_commit = "849303a8411c242d250885ffe714235a3bc2f5fe"

[skills.sentry-python-sdk]
source = "getsentry/sentry-for-ai"
resolved_url = "https://github.com/getsentry/sentry-for-ai"
resolved_path = "skills/sentry-python-sdk"
resolved_commit = "849303a8411c242d250885ffe714235a3bc2f5fe"

[skills.sentry-react-native-sdk]
source = "getsentry/sentry-for-ai"
resolved_url = "https://github.com/getsentry/sentry-for-ai"
resolved_path = "skills/sentry-react-native-sdk"
resolved_commit = "849303a8411c242d250885ffe714235a3bc2f5fe"

[skills.sentry-react-router-framework-sdk]
source = "getsentry/sentry-for-ai"
resolved_url = "https://github.com/getsentry/sentry-for-ai"
resolved_path = "skills/sentry-react-router-framework-sdk"
resolved_commit = "849303a8411c242d250885ffe714235a3bc2f5fe"

[skills.sentry-react-sdk]
source = "getsentry/sentry-for-ai"
resolved_url = "https://github.com/getsentry/sentry-for-ai"
resolved_path = "skills/sentry-react-sdk"
resolved_commit = "849303a8411c242d250885ffe714235a3bc2f5fe"

[skills.sentry-ruby-sdk]
source = "getsentry/sentry-for-ai"
resolved_url = "https://github.com/getsentry/sentry-for-ai"
resolved_path = "skills/sentry-ruby-sdk"
resolved_commit = "849303a8411c242d250885ffe714235a3bc2f5fe"

[skills.sentry-sdk-setup]
source = "getsentry/sentry-for-ai"
resolved_url = "https://github.com/getsentry/sentry-for-ai"
resolved_path = "skills/sentry-sdk-setup"
resolved_commit = "849303a8411c242d250885ffe714235a3bc2f5fe"

[skills.sentry-sdk-skill-creator]
source = "getsentry/sentry-for-ai"
resolved_url = "https://github.com/getsentry/sentry-for-ai"
resolved_path = "skills/sentry-sdk-skill-creator"
resolved_commit = "849303a8411c242d250885ffe714235a3bc2f5fe"

[skills.sentry-sdk-upgrade]
source = "getsentry/sentry-for-ai"
resolved_url = "https://github.com/getsentry/sentry-for-ai"
resolved_path = "skills/sentry-sdk-upgrade"
resolved_commit = "849303a8411c242d250885ffe714235a3bc2f5fe"

[skills.sentry-setup-ai-monitoring]
source = "getsentry/sentry-for-ai"
resolved_url = "https://github.com/getsentry/sentry-for-ai"
resolved_path = "skills/sentry-setup-ai-monitoring"
resolved_commit = "849303a8411c242d250885ffe714235a3bc2f5fe"

[skills.sentry-svelte-sdk]
source = "getsentry/sentry-for-ai"
resolved_url = "https://github.com/getsentry/sentry-for-ai"
resolved_path = "skills/sentry-svelte-sdk"
resolved_commit = "849303a8411c242d250885ffe714235a3bc2f5fe"

[skills.sentry-tanstack-start-sdk]
source = "getsentry/sentry-for-ai"
resolved_url = "https://github.com/getsentry/sentry-for-ai"
resolved_path = "skills/sentry-tanstack-start-sdk"
resolved_commit = "849303a8411c242d250885ffe714235a3bc2f5fe"

[skills.sentry-workflow]
source = "getsentry/sentry-for-ai"
resolved_url = "https://github.com/getsentry/sentry-for-ai"
resolved_path = "skills/sentry-workflow"
resolved_commit = "849303a8411c242d250885ffe714235a3bc2f5fe"
